
Microsoft Visual Studio Solution File, Format Version 12.00
# Visual Studio 2013
VisualStudioVersion = 12.0.30324.0
MinimumVisualStudioVersion = 10.0.40219.1
Project("{FAE04EC0-301F-11D3-BF4B-00C04F79EFBC}") = "FRF", "FRF\FRF.csproj", "{0908A831-9E9F-44EF-A619-47A441E2AA62}"
EndProject
Project("{FAE04EC0-301F-11D3-BF4B-00C04F79EFBC}") = "Core", "Core\Core.csproj", "{613304CD-1D34-4161-91CA-AA60646D220B}"
EndProject
Global
	GlobalSection(SolutionConfigurationPlatforms) = preSolution
		Debug|Any CPU = Debug|Any CPU
		Release|Any CPU = Release|Any CPU
	EndGlobalSection
	GlobalSection(ProjectConfigurationPlatforms) = postSolution
		{0908A831-9E9F-44EF-A619-47A441E2AA62}.Debug|Any CPU.ActiveCfg = Debug|Any CPU
		{0908A831-9E9F-44EF-A619-47A441E2AA62}.Debug|Any CPU.Build.0 = Debug|Any CPU
		{0908A831-9E9F-44EF-A619-47A441E2AA62}.Release|Any CPU.ActiveCfg = Release|Any CPU
		{0908A831-9E9F-44EF-A619-47A441E2AA62}.Release|Any CPU.Build.0 = Release|Any CPU
		{613304CD-1D34-4161-91CA-AA60646D220B}.Debug|Any CPU.ActiveCfg = Debug|Any CPU
		{613304CD-1D34-4161-91CA-AA60646D220B}.Debug|Any CPU.Build.0 = Debug|Any CPU
		{613304CD-1D34-4161-91CA-AA60646D220B}.Release|Any CPU.ActiveCfg = Release|Any CPU
		{613304CD-1D34-4161-91CA-AA60646D220B}.Release|Any CPU.Build.0 = Release|Any CPU
	EndGlobalSection
	GlobalSection(SolutionProperties) = preSolution
		HideSolutionNode = FALSE
	EndGlobalSection
EndGlobal
